
Microsoft Visual Studio Solution File, Format Version 12.00
# Visual Studio 14
VisualStudioVersion = 14.0.24720.0
MinimumVisualStudioVersion = 10.0.40219.1
Project("{159641D6-6404-4A2A-AE62-294DE0FE8301}") = "prospect_export", "prospect_export\prospect_export.dtproj", "{674D7478-06D9-489E-9E9F-8A4DADE6C2E8}"
EndProject
Global
	GlobalSection(SolutionConfigurationPlatforms) = preSolution
		Development|Default = Development|Default
	EndGlobalSection
	GlobalSection(ProjectConfigurationPlatforms) = postSolution
		{674D7478-06D9-489E-9E9F-8A4DADE6C2E8}.Development|Default.ActiveCfg = Development
		{674D7478-06D9-489E-9E9F-8A4DADE6C2E8}.Development|Default.Build.0 = Development
	EndGlobalSection
	GlobalSection(SolutionProperties) = preSolution
		HideSolutionNode = FALSE
	EndGlobalSection
EndGlobal
